
Microsoft Visual Studio Solution File, Format Version 12.00
# Visual Studio Version 16
VisualStudioVersion = 16.0.31829.152
MinimumVisualStudioVersion = 10.0.40219.1
Project("{FAE04EC0-301F-11D3-BF4B-00C04F79EFBC}") = "Lab7.1", "Lab7\Lab7.1.csproj", "{0DDAAD93-6C43-4E31-8AF5-C3228CE27338}"
EndProject
Project("{FAE04EC0-301F-11D3-BF4B-00C04F79EFBC}") = "Lab7.2", "Lab 7.2\Lab7.2.csproj", "{13EEA490-D358-4F36-9D4A-3FF2E07C9EB2}"
EndProject
Global
	GlobalSection(SolutionConfigurationPlatforms) = preSolution
		Debug|Any CPU = Debug|Any CPU
		Release|Any CPU = Release|Any CPU
	EndGlobalSection
	GlobalSection(ProjectConfigurationPlatforms) = postSolution
		{0DDAAD93-6C43-4E31-8AF5-C3228CE27338}.Debug|Any CPU.ActiveCfg = Debug|Any CPU
		{0DDAAD93-6C43-4E31-8AF5-C3228CE27338}.Debug|Any CPU.Build.0 = Debug|Any CPU
		{0DDAAD93-6C43-4E31-8AF5-C3228CE27338}.Release|Any CPU.ActiveCfg = Release|Any CPU
		{0DDAAD93-6C43-4E31-8AF5-C3228CE27338}.Release|Any CPU.Build.0 = Release|Any CPU
		{13EEA490-D358-4F36-9D4A-3FF2E07C9EB2}.Debug|Any CPU.ActiveCfg = Debug|Any CPU
		{13EEA490-D358-4F36-9D4A-3FF2E07C9EB2}.Debug|Any CPU.Build.0 = Debug|Any CPU
		{13EEA490-D358-4F36-9D4A-3FF2E07C9EB2}.Release|Any CPU.ActiveCfg = Release|Any CPU
		{13EEA490-D358-4F36-9D4A-3FF2E07C9EB2}.Release|Any CPU.Build.0 = Release|Any CPU
	EndGlobalSection
	GlobalSection(SolutionProperties) = preSolution
		HideSolutionNode = FALSE
	EndGlobalSection
	GlobalSection(ExtensibilityGlobals) = postSolution
		SolutionGuid = {2D532CA3-0B2A-426F-B87F-74C83BB54009}
	EndGlobalSection
EndGlobal
